
Microsoft Visual Studio Solution File, Format Version 12.00
# Visual Studio 15
VisualStudioVersion = 15.0.27428.2011
MinimumVisualStudioVersion = 10.0.40219.1
Project("{F184B08F-C81C-45F6-A57F-5ABD9991F28F}") = "SmartDomusAppVB", "Pantallas2\SmartDomusAppVB.vbproj", "{E60AFEC9-5305-49F3-A75A-DEE49D6CA1DE}"
EndProject
Global
	GlobalSection(SolutionConfigurationPlatforms) = preSolution
		Debug|Any CPU = Debug|Any CPU
		Release|Any CPU = Release|Any CPU
	EndGlobalSection
	GlobalSection(ProjectConfigurationPlatforms) = postSolution
		{E60AFEC9-5305-49F3-A75A-DEE49D6CA1DE}.Debug|Any CPU.ActiveCfg = Debug|Any CPU
		{E60AFEC9-5305-49F3-A75A-DEE49D6CA1DE}.Debug|Any CPU.Build.0 = Debug|Any CPU
		{E60AFEC9-5305-49F3-A75A-DEE49D6CA1DE}.Release|Any CPU.ActiveCfg = Release|Any CPU
		{E60AFEC9-5305-49F3-A75A-DEE49D6CA1DE}.Release|Any CPU.Build.0 = Release|Any CPU
	EndGlobalSection
	GlobalSection(SolutionProperties) = preSolution
		HideSolutionNode = FALSE
	EndGlobalSection
	GlobalSection(ExtensibilityGlobals) = postSolution
		SolutionGuid = {2ACFA9BF-41FE-46F2-A4CC-381C97AE0B42}
	EndGlobalSection
EndGlobal
